
Microsoft Visual Studio Solution File, Format Version 12.00
# Visual Studio Version 17
VisualStudioVersion = 17.4.33213.308
MinimumVisualStudioVersion = 10.0.40219.1
Project("{FAE04EC0-301F-11D3-BF4B-00C04F79EFBC}") = "Wpf6", "Wpf6\Wpf6.csproj", "{28F887F6-0C5E-40A1-8887-0B55341BBA87}"
EndProject
Global
	GlobalSection(SolutionConfigurationPlatforms) = preSolution
		Debug|Any CPU = Debug|Any CPU
		Release|Any CPU = Release|Any CPU
	EndGlobalSection
	GlobalSection(ProjectConfigurationPlatforms) = postSolution
		{28F887F6-0C5E-40A1-8887-0B55341BBA87}.Debug|Any CPU.ActiveCfg = Debug|Any CPU
		{28F887F6-0C5E-40A1-8887-0B55341BBA87}.Debug|Any CPU.Build.0 = Debug|Any CPU
		{28F887F6-0C5E-40A1-8887-0B55341BBA87}.Release|Any CPU.ActiveCfg = Release|Any CPU
		{28F887F6-0C5E-40A1-8887-0B55341BBA87}.Release|Any CPU.Build.0 = Release|Any CPU
	EndGlobalSection
	GlobalSection(SolutionProperties) = preSolution
		HideSolutionNode = FALSE
	EndGlobalSection
	GlobalSection(ExtensibilityGlobals) = postSolution
		SolutionGuid = {254243A0-0AD8-450D-988F-39587B2EE06A}
	EndGlobalSection
EndGlobal
